{
  "object": {
    "pins": [
      {
        "package": "SwiftyGPIO",
        "repositoryURL": "https://github.com/uraimo/SwiftyGPIO.git",
        "state": {
          "branch": null,
          "revision": "a637efdca5032dec3ebc3518e1278029c9b2c2f1",
          "version": "1.1.1"
        }
      }
    ]
  },
  "version": 1
}
